
Microsoft Visual Studio Solution File, Format Version 12.00
# Visual Studio 15
VisualStudioVersion = 15.0.26228.12
MinimumVisualStudioVersion = 10.0.40219.1
Project("{FAE04EC0-301F-11D3-BF4B-00C04F79EFBC}") = "COMP123-S2017-LESSON12B2", "COMP123-S2017-LESSON12B2\COMP123-S2017-LESSON12B2.csproj", "{BC871665-19FF-4421-9AE8-611513F09C64}"
EndProject
Global
	GlobalSection(SolutionConfigurationPlatforms) = preSolution
		Debug|Any CPU = Debug|Any CPU
		Release|Any CPU = Release|Any CPU
	EndGlobalSection
	GlobalSection(ProjectConfigurationPlatforms) = postSolution
		{BC871665-19FF-4421-9AE8-611513F09C64}.Debug|Any CPU.ActiveCfg = Debug|Any CPU
		{BC871665-19FF-4421-9AE8-611513F09C64}.Debug|Any CPU.Build.0 = Debug|Any CPU
		{BC871665-19FF-4421-9AE8-611513F09C64}.Release|Any CPU.ActiveCfg = Release|Any CPU
		{BC871665-19FF-4421-9AE8-611513F09C64}.Release|Any CPU.Build.0 = Release|Any CPU
	EndGlobalSection
	GlobalSection(SolutionProperties) = preSolution
		HideSolutionNode = FALSE
	EndGlobalSection
EndGlobal
